// !$*UTF8*$!
{
	archiveVersion = 1;
	classes = {
	};
	objectVersion = 50;
	objects = {

/* Begin PBXBuildFile section */
		D724F919216C9F9000342F5A /* SwiftyGraphQL.framework in Frameworks */ = {isa = PBXBuildFile; fileRef = D724F90F216C9F9000342F5A /* SwiftyGraphQL.framework */; };
		D724F920216C9F9000342F5A /* SwiftyGraphQL.h in Headers */ = {isa = PBXBuildFile; fileRef = D724F912216C9F9000342F5A /* SwiftyGraphQL.h */; settings = {ATTRIBUTES = (Public, ); }; };
		D724F92A216C9F9A00342F5A /* Node.swift in Sources */ = {isa = PBXBuildFile; fileRef = D724F929216C9F9A00342F5A /* Node.swift */; };
		D724F92C216C9FA000342F5A /* FragmentRepresentable.swift in Sources */ = {isa = PBXBuildFile; fileRef = D724F92B216C9FA000342F5A /* FragmentRepresentable.swift */; };
		D724F930216C9FAC00342F5A /* Query.swift in Sources */ = {isa = PBXBuildFile; fileRef = D724F92F216C9FAC00342F5A /* Query.swift */; };
		D776D329224EB39100460389 /* Request.swift in Sources */ = {isa = PBXBuildFile; fileRef = D776D328224EB39100460389 /* Request.swift */; };
		D776D32B224EB58000460389 /* RequestTests.swift in Sources */ = {isa = PBXBuildFile; fileRef = D776D32A224EB58000460389 /* RequestTests.swift */; };
		D776D32D224EBD3600460389 /* StateMachine.swift in Sources */ = {isa = PBXBuildFile; fileRef = D776D32C224EBD3600460389 /* StateMachine.swift */; };
		D798D13322564F9D0095DF8E /* Variables.swift in Sources */ = {isa = PBXBuildFile; fileRef = D798D13222564F9D0095DF8E /* Variables.swift */; };
		D798D137225657340095DF8E /* Errors.swift in Sources */ = {isa = PBXBuildFile; fileRef = D798D136225657340095DF8E /* Errors.swift */; };
		D798D13A2256601C0095DF8E /* Network.swift in Sources */ = {isa = PBXBuildFile; fileRef = D798D1392256601C0095DF8E /* Network.swift */; };
		D798D13C225660310095DF8E /* URLProtocol.swift in Sources */ = {isa = PBXBuildFile; fileRef = D798D13B225660310095DF8E /* URLProtocol.swift */; };
		D798D146225674F50095DF8E /* VariableRepresentable.swift in Sources */ = {isa = PBXBuildFile; fileRef = D798D145225674F50095DF8E /* VariableRepresentable.swift */; };
		D798D1482256756E0095DF8E /* Object.swift in Sources */ = {isa = PBXBuildFile; fileRef = D798D1472256756E0095DF8E /* Object.swift */; };
		D798D14A22569C100095DF8E /* VariableTests.swift in Sources */ = {isa = PBXBuildFile; fileRef = D798D14922569C100095DF8E /* VariableTests.swift */; };
		D7C7A4C5225788E1001BF4AD /* JSONEncoder+Extensions.swift in Sources */ = {isa = PBXBuildFile; fileRef = D7C7A4C4225788E1001BF4AD /* JSONEncoder+Extensions.swift */; };
		D7C7A4C822578DCA001BF4AD /* Encodable+Extensions.swift in Sources */ = {isa = PBXBuildFile; fileRef = D7C7A4C722578DCA001BF4AD /* Encodable+Extensions.swift */; };
		D7E5B2C5216CE52F004CA6C4 /* Response.swift in Sources */ = {isa = PBXBuildFile; fileRef = D7E5B2C4216CE52F004CA6C4 /* Response.swift */; };
		D7E5B2C7216CEC0B004CA6C4 /* NodeTests.swift in Sources */ = {isa = PBXBuildFile; fileRef = D7E5B2C6216CEC0B004CA6C4 /* NodeTests.swift */; };
		D7E5B2C9216CEC13004CA6C4 /* FragmentTests.swift in Sources */ = {isa = PBXBuildFile; fileRef = D7E5B2C8216CEC13004CA6C4 /* FragmentTests.swift */; };
		D7E5B2CB216CEC1A004CA6C4 /* MutationTests.swift in Sources */ = {isa = PBXBuildFile; fileRef = D7E5B2CA216CEC1A004CA6C4 /* MutationTests.swift */; };
		D7E5B2CD216CEC22004CA6C4 /* QueryTests.swift in Sources */ = {isa = PBXBuildFile; fileRef = D7E5B2CC216CEC22004CA6C4 /* QueryTests.swift */; };
		D7E5B2CF216CEC2A004CA6C4 /* GraphQLDecodeTests.swift in Sources */ = {isa = PBXBuildFile; fileRef = D7E5B2CE216CEC2A004CA6C4 /* GraphQLDecodeTests.swift */; };
		D7E5B2D1216CEE60004CA6C4 /* Helpers.swift in Sources */ = {isa = PBXBuildFile; fileRef = D7E5B2D0216CEE60004CA6C4 /* Helpers.swift */; };
		D7ED5DD421810A27005E5CDB /* ParameterTests.swift in Sources */ = {isa = PBXBuildFile; fileRef = D7ED5DD321810A27005E5CDB /* ParameterTests.swift */; };
		D7ED5DD721811450005E5CDB /* Parameters.swift in Sources */ = {isa = PBXBuildFile; fileRef = D7ED5DD621811450005E5CDB /* Parameters.swift */; };
		D7F588C52180CEE800BDD411 /* Error.swift in Sources */ = {isa = PBXBuildFile; fileRef = D7F588C42180CEE800BDD411 /* Error.swift */; };
		D7F588C72180D27B00BDD411 /* JSONDecoder+Extensions.swift in Sources */ = {isa = PBXBuildFile; fileRef = D7F588C62180D27B00BDD411 /* JSONDecoder+Extensions.swift */; };
		D7F588CF2180D4D400BDD411 /* GraphQLErrorTests.swift in Sources */ = {isa = PBXBuildFile; fileRef = D7F588CE2180D4D400BDD411 /* GraphQLErrorTests.swift */; };
		D7FE5C9E2256EF3F00B0EEE3 /* ParameterRepresentable.swift in Sources */ = {isa = PBXBuildFile; fileRef = D7FE5C9D2256EF3F00B0EEE3 /* ParameterRepresentable.swift */; };
		D7FE5CA12256FA2600B0EEE3 /* Variable.swift in Sources */ = {isa = PBXBuildFile; fileRef = D7FE5CA02256FA2600B0EEE3 /* Variable.swift */; };
/* End PBXBuildFile section */

/* Begin PBXContainerItemProxy section */
		D724F91A216C9F9000342F5A /* PBXContainerItemProxy */ = {
			isa = PBXContainerItemProxy;
			containerPortal = D724F906216C9F9000342F5A /* Project object */;
			proxyType = 1;
			remoteGlobalIDString = D724F90E216C9F9000342F5A;
			remoteInfo = SwiftyGraphQL;
		};
/* End PBXContainerItemProxy section */

/* Begin PBXFileReference section */
		D724F90F216C9F9000342F5A /* SwiftyGraphQL.framework */ = {isa = PBXFileReference; explicitFileType = wrapper.framework; includeInIndex = 0; path = SwiftyGraphQL.framework; sourceTree = BUILT_PRODUCTS_DIR; };
		D724F912216C9F9000342F5A /* SwiftyGraphQL.h */ = {isa = PBXFileReference; lastKnownFileType = sourcecode.c.h; path = SwiftyGraphQL.h; sourceTree = "<group>"; };
		D724F913216C9F9000342F5A /* Info.plist */ = {isa = PBXFileReference; lastKnownFileType = text.plist.xml; path = Info.plist; sourceTree = "<group>"; };
		D724F918216C9F9000342F5A /* SwiftyGraphQLTests.xctest */ = {isa = PBXFileReference; explicitFileType = wrapper.cfbundle; includeInIndex = 0; path = SwiftyGraphQLTests.xctest; sourceTree = BUILT_PRODUCTS_DIR; };
		D724F91F216C9F9000342F5A /* Info.plist */ = {isa = PBXFileReference; lastKnownFileType = text.plist.xml; path = Info.plist; sourceTree = "<group>"; };
		D724F929216C9F9A00342F5A /* Node.swift */ = {isa = PBXFileReference; lastKnownFileType = sourcecode.swift; path = Node.swift; sourceTree = "<group>"; };
		D724F92B216C9FA000342F5A /* FragmentRepresentable.swift */ = {isa = PBXFileReference; lastKnownFileType = sourcecode.swift; path = FragmentRepresentable.swift; sourceTree = "<group>"; };
		D724F92F216C9FAC00342F5A /* Query.swift */ = {isa = PBXFileReference; lastKnownFileType = sourcecode.swift; path = Query.swift; sourceTree = "<group>"; };
		D776D328224EB39100460389 /* Request.swift */ = {isa = PBXFileReference; lastKnownFileType = sourcecode.swift; path = Request.swift; sourceTree = "<group>"; };
		D776D32A224EB58000460389 /* RequestTests.swift */ = {isa = PBXFileReference; lastKnownFileType = sourcecode.swift; path = RequestTests.swift; sourceTree = "<group>"; };
		D776D32C224EBD3600460389 /* StateMachine.swift */ = {isa = PBXFileReference; lastKnownFileType = sourcecode.swift; path = StateMachine.swift; sourceTree = "<group>"; };
		D798D13222564F9D0095DF8E /* Variables.swift */ = {isa = PBXFileReference; lastKnownFileType = sourcecode.swift; path = Variables.swift; sourceTree = "<group>"; };
		D798D136225657340095DF8E /* Errors.swift */ = {isa = PBXFileReference; lastKnownFileType = sourcecode.swift; path = Errors.swift; sourceTree = "<group>"; };
		D798D1392256601C0095DF8E /* Network.swift */ = {isa = PBXFileReference; lastKnownFileType = sourcecode.swift; path = Network.swift; sourceTree = "<group>"; };
		D798D13B225660310095DF8E /* URLProtocol.swift */ = {isa = PBXFileReference; lastKnownFileType = sourcecode.swift; path = URLProtocol.swift; sourceTree = "<group>"; };
		D798D145225674F50095DF8E /* VariableRepresentable.swift */ = {isa = PBXFileReference; lastKnownFileType = sourcecode.swift; path = VariableRepresentable.swift; sourceTree = "<group>"; };
		D798D1472256756E0095DF8E /* Object.swift */ = {isa = PBXFileReference; lastKnownFileType = sourcecode.swift; path = Object.swift; sourceTree = "<group>"; };
		D798D14922569C100095DF8E /* VariableTests.swift */ = {isa = PBXFileReference; lastKnownFileType = sourcecode.swift; path = VariableTests.swift; sourceTree = "<group>"; };
		D7C7A4C4225788E1001BF4AD /* JSONEncoder+Extensions.swift */ = {isa = PBXFileReference; lastKnownFileType = sourcecode.swift; path = "JSONEncoder+Extensions.swift"; sourceTree = "<group>"; };
		D7C7A4C722578DCA001BF4AD /* Encodable+Extensions.swift */ = {isa = PBXFileReference; lastKnownFileType = sourcecode.swift; path = "Encodable+Extensions.swift"; sourceTree = "<group>"; };
		D7E5B2C4216CE52F004CA6C4 /* Response.swift */ = {isa = PBXFileReference; lastKnownFileType = sourcecode.swift; path = Response.swift; sourceTree = "<group>"; };
		D7E5B2C6216CEC0B004CA6C4 /* NodeTests.swift */ = {isa = PBXFileReference; lastKnownFileType = sourcecode.swift; path = NodeTests.swift; sourceTree = "<group>"; };
		D7E5B2C8216CEC13004CA6C4 /* FragmentTests.swift */ = {isa = PBXFileReference; lastKnownFileType = sourcecode.swift; path = FragmentTests.swift; sourceTree = "<group>"; };
		D7E5B2CA216CEC1A004CA6C4 /* MutationTests.swift */ = {isa = PBXFileReference; lastKnownFileType = sourcecode.swift; path = MutationTests.swift; sourceTree = "<group>"; };
		D7E5B2CC216CEC22004CA6C4 /* QueryTests.swift */ = {isa = PBXFileReference; lastKnownFileType = sourcecode.swift; path = QueryTests.swift; sourceTree = "<group>"; };
		D7E5B2CE216CEC2A004CA6C4 /* GraphQLDecodeTests.swift */ = {isa = PBXFileReference; lastKnownFileType = sourcecode.swift; path = GraphQLDecodeTests.swift; sourceTree = "<group>"; };
		D7E5B2D0216CEE60004CA6C4 /* Helpers.swift */ = {isa = PBXFileReference; lastKnownFileType = sourcecode.swift; path = Helpers.swift; sourceTree = "<group>"; };
		D7E5B2D4216CFE92004CA6C4 /* LICENSE */ = {isa = PBXFileReference; fileEncoding = 4; lastKnownFileType = text; path = LICENSE; sourceTree = "<group>"; };
		D7E5B2D5216CFE92004CA6C4 /* README.md */ = {isa = PBXFileReference; fileEncoding = 4; lastKnownFileType = net.daringfireball.markdown; path = README.md; sourceTree = "<group>"; };
		D7E5B2D6216CFE93004CA6C4 /* SwiftyGraphQL.podspec */ = {isa = PBXFileReference; fileEncoding = 4; lastKnownFileType = text; path = SwiftyGraphQL.podspec; sourceTree = "<group>"; xcLanguageSpecificationIdentifier = xcode.lang.ruby; };
		D7ED5DD321810A27005E5CDB /* ParameterTests.swift */ = {isa = PBXFileReference; lastKnownFileType = sourcecode.swift; path = ParameterTests.swift; sourceTree = "<group>"; };
		D7ED5DD621811450005E5CDB /* Parameters.swift */ = {isa = PBXFileReference; lastKnownFileType = sourcecode.swift; path = Parameters.swift; sourceTree = "<group>"; };
		D7F588C42180CEE800BDD411 /* Error.swift */ = {isa = PBXFileReference; lastKnownFileType = sourcecode.swift; path = Error.swift; sourceTree = "<group>"; };
		D7F588C62180D27B00BDD411 /* JSONDecoder+Extensions.swift */ = {isa = PBXFileReference; lastKnownFileType = sourcecode.swift; path = "JSONDecoder+Extensions.swift"; sourceTree = "<group>"; };
		D7F588CE2180D4D400BDD411 /* GraphQLErrorTests.swift */ = {isa = PBXFileReference; lastKnownFileType = sourcecode.swift; path = GraphQLErrorTests.swift; sourceTree = "<group>"; };
		D7FE5C9D2256EF3F00B0EEE3 /* ParameterRepresentable.swift */ = {isa = PBXFileReference; lastKnownFileType = sourcecode.swift; path = ParameterRepresentable.swift; sourceTree = "<group>"; };
		D7FE5CA02256FA2600B0EEE3 /* Variable.swift */ = {isa = PBXFileReference; lastKnownFileType = sourcecode.swift; path = Variable.swift; sourceTree = "<group>"; };
/* End PBXFileReference section */

/* Begin PBXFrameworksBuildPhase section */
		D724F90C216C9F9000342F5A /* Frameworks */ = {
			isa = PBXFrameworksBuildPhase;
			buildActionMask = 2147483647;
			files = (
			);
			runOnlyForDeploymentPostprocessing = 0;
		};
		D724F915216C9F9000342F5A /* Frameworks */ = {
			isa = PBXFrameworksBuildPhase;
			buildActionMask = 2147483647;
			files = (
				D724F919216C9F9000342F5A /* SwiftyGraphQL.framework in Frameworks */,
			);
			runOnlyForDeploymentPostprocessing = 0;
		};
/* End PBXFrameworksBuildPhase section */

/* Begin PBXGroup section */
		D724F905216C9F9000342F5A = {
			isa = PBXGroup;
			children = (
				D7E5B2D4216CFE92004CA6C4 /* LICENSE */,
				D7E5B2D5216CFE92004CA6C4 /* README.md */,
				D7E5B2D6216CFE93004CA6C4 /* SwiftyGraphQL.podspec */,
				D724F911216C9F9000342F5A /* SwiftyGraphQL */,
				D724F91C216C9F9000342F5A /* SwiftyGraphQLTests */,
				D724F910216C9F9000342F5A /* Products */,
			);
			sourceTree = "<group>";
		};
		D724F910216C9F9000342F5A /* Products */ = {
			isa = PBXGroup;
			children = (
				D724F90F216C9F9000342F5A /* SwiftyGraphQL.framework */,
				D724F918216C9F9000342F5A /* SwiftyGraphQLTests.xctest */,
			);
			name = Products;
			sourceTree = "<group>";
		};
		D724F911216C9F9000342F5A /* SwiftyGraphQL */ = {
			isa = PBXGroup;
			children = (
				D724F912216C9F9000342F5A /* SwiftyGraphQL.h */,
				D724F913216C9F9000342F5A /* Info.plist */,
				D724F929216C9F9A00342F5A /* Node.swift */,
				D798D1472256756E0095DF8E /* Object.swift */,
				D724F92F216C9FAC00342F5A /* Query.swift */,
				D724F92B216C9FA000342F5A /* FragmentRepresentable.swift */,
				D7FE5C9F2256F8A200B0EEE3 /* Parameters */,
				D776D327224EB37E00460389 /* Requests */,
				D798D13F2256616C0095DF8E /* Variables */,
				D7ED5DD521811346005E5CDB /* Decodable */,
				D7C7A4C6225788E5001BF4AD /* Extensions */,
				D798D1442256715C0095DF8E /* Error */,
			);
			path = SwiftyGraphQL;
			sourceTree = "<group>";
		};
		D724F91C216C9F9000342F5A /* SwiftyGraphQLTests */ = {
			isa = PBXGroup;
			children = (
				D7E5B2C6216CEC0B004CA6C4 /* NodeTests.swift */,
				D7E5B2C8216CEC13004CA6C4 /* FragmentTests.swift */,
				D7E5B2CA216CEC1A004CA6C4 /* MutationTests.swift */,
				D7E5B2CC216CEC22004CA6C4 /* QueryTests.swift */,
				D7E5B2CE216CEC2A004CA6C4 /* GraphQLDecodeTests.swift */,
				D7F588CE2180D4D400BDD411 /* GraphQLErrorTests.swift */,
				D7ED5DD321810A27005E5CDB /* ParameterTests.swift */,
				D776D32A224EB58000460389 /* RequestTests.swift */,
				D798D14922569C100095DF8E /* VariableTests.swift */,
				D798D138225660130095DF8E /* Helpers */,
				D724F91F216C9F9000342F5A /* Info.plist */,
			);
			path = SwiftyGraphQLTests;
			sourceTree = "<group>";
		};
		D776D327224EB37E00460389 /* Requests */ = {
			isa = PBXGroup;
			children = (
				D776D328224EB39100460389 /* Request.swift */,
				D776D32C224EBD3600460389 /* StateMachine.swift */,
			);
			path = Requests;
			sourceTree = "<group>";
		};
		D798D138225660130095DF8E /* Helpers */ = {
			isa = PBXGroup;
			children = (
				D7E5B2D0216CEE60004CA6C4 /* Helpers.swift */,
				D798D1392256601C0095DF8E /* Network.swift */,
				D798D13B225660310095DF8E /* URLProtocol.swift */,
			);
			path = Helpers;
			sourceTree = "<group>";
		};
		D798D13F2256616C0095DF8E /* Variables */ = {
			isa = PBXGroup;
			children = (
				D798D145225674F50095DF8E /* VariableRepresentable.swift */,
				D798D13222564F9D0095DF8E /* Variables.swift */,
				D7FE5CA02256FA2600B0EEE3 /* Variable.swift */,
			);
			path = Variables;
			sourceTree = "<group>";
		};
		D798D1442256715C0095DF8E /* Error */ = {
			isa = PBXGroup;
			children = (
				D7F588C42180CEE800BDD411 /* Error.swift */,
				D798D136225657340095DF8E /* Errors.swift */,
			);
			path = Error;
			sourceTree = "<group>";
		};
		D7C7A4C6225788E5001BF4AD /* Extensions */ = {
			isa = PBXGroup;
			children = (
				D7F588C62180D27B00BDD411 /* JSONDecoder+Extensions.swift */,
				D7C7A4C4225788E1001BF4AD /* JSONEncoder+Extensions.swift */,
				D7C7A4C722578DCA001BF4AD /* Encodable+Extensions.swift */,
			);
			path = Extensions;
			sourceTree = "<group>";
		};
		D7ED5DD521811346005E5CDB /* Decodable */ = {
			isa = PBXGroup;
			children = (
				D7E5B2C4216CE52F004CA6C4 /* Response.swift */,
			);
			path = Decodable;
			sourceTree = "<group>";
		};
		D7FE5C9F2256F8A200B0EEE3 /* Parameters */ = {
			isa = PBXGroup;
			children = (
				D7FE5C9D2256EF3F00B0EEE3 /* ParameterRepresentable.swift */,
				D7ED5DD621811450005E5CDB /* Parameters.swift */,
			);
			path = Parameters;
			sourceTree = "<group>";
		};
/* End PBXGroup section */

/* Begin PBXHeadersBuildPhase section */
		D724F90A216C9F9000342F5A /* Headers */ = {
			isa = PBXHeadersBuildPhase;
			buildActionMask = 2147483647;
			files = (
				D724F920216C9F9000342F5A /* SwiftyGraphQL.h in Headers */,
			);
			runOnlyForDeploymentPostprocessing = 0;
		};
/* End PBXHeadersBuildPhase section */

/* Begin PBXNativeTarget section */
		D724F90E216C9F9000342F5A /* SwiftyGraphQL */ = {
			isa = PBXNativeTarget;
			buildConfigurationList = D724F923216C9F9000342F5A /* Build configuration list for PBXNativeTarget "SwiftyGraphQL" */;
			buildPhases = (
				D724F90A216C9F9000342F5A /* Headers */,
				D724F90B216C9F9000342F5A /* Sources */,
				D724F90C216C9F9000342F5A /* Frameworks */,
				D724F90D216C9F9000342F5A /* Resources */,
			);
			buildRules = (
			);
			dependencies = (
			);
			name = SwiftyGraphQL;
			productName = SwiftyGraphQL;
			productReference = D724F90F216C9F9000342F5A /* SwiftyGraphQL.framework */;
			productType = "com.apple.product-type.framework";
		};
		D724F917216C9F9000342F5A /* SwiftyGraphQLTests */ = {
			isa = PBXNativeTarget;
			buildConfigurationList = D724F926216C9F9000342F5A /* Build configuration list for PBXNativeTarget "SwiftyGraphQLTests" */;
			buildPhases = (
				D724F914216C9F9000342F5A /* Sources */,
				D724F915216C9F9000342F5A /* Frameworks */,
				D724F916216C9F9000342F5A /* Resources */,
			);
			buildRules = (
			);
			dependencies = (
				D724F91B216C9F9000342F5A /* PBXTargetDependency */,
			);
			name = SwiftyGraphQLTests;
			productName = SwiftyGraphQLTests;
			productReference = D724F918216C9F9000342F5A /* SwiftyGraphQLTests.xctest */;
			productType = "com.apple.product-type.bundle.unit-test";
		};
/* End PBXNativeTarget section */

/* Begin PBXProject section */
		D724F906216C9F9000342F5A /* Project object */ = {
			isa = PBXProject;
			attributes = {
				LastSwiftUpdateCheck = 1000;
				LastUpgradeCheck = 1000;
				ORGANIZATIONNAME = hiimtmac;
				TargetAttributes = {
					D724F90E216C9F9000342F5A = {
						CreatedOnToolsVersion = 10.0;
						LastSwiftMigration = 1000;
					};
					D724F917216C9F9000342F5A = {
						CreatedOnToolsVersion = 10.0;
					};
				};
			};
			buildConfigurationList = D724F909216C9F9000342F5A /* Build configuration list for PBXProject "SwiftyGraphQL" */;
			compatibilityVersion = "Xcode 9.3";
			developmentRegion = en;
			hasScannedForEncodings = 0;
			knownRegions = (
				en,
				Base,
			);
			mainGroup = D724F905216C9F9000342F5A;
			productRefGroup = D724F910216C9F9000342F5A /* Products */;
			projectDirPath = "";
			projectRoot = "";
			targets = (
				D724F90E216C9F9000342F5A /* SwiftyGraphQL */,
				D724F917216C9F9000342F5A /* SwiftyGraphQLTests */,
			);
		};
/* End PBXProject section */

/* Begin PBXResourcesBuildPhase section */
		D724F90D216C9F9000342F5A /* Resources */ = {
			isa = PBXResourcesBuildPhase;
			buildActionMask = 2147483647;
			files = (
			);
			runOnlyForDeploymentPostprocessing = 0;
		};
		D724F916216C9F9000342F5A /* Resources */ = {
			isa = PBXResourcesBuildPhase;
			buildActionMask = 2147483647;
			files = (
			);
			runOnlyForDeploymentPostprocessing = 0;
		};
/* End PBXResourcesBuildPhase section */

/* Begin PBXSourcesBuildPhase section */
		D724F90B216C9F9000342F5A /* Sources */ = {
			isa = PBXSourcesBuildPhase;
			buildActionMask = 2147483647;
			files = (
				D724F930216C9FAC00342F5A /* Query.swift in Sources */,
				D798D137225657340095DF8E /* Errors.swift in Sources */,
				D724F92A216C9F9A00342F5A /* Node.swift in Sources */,
				D7FE5C9E2256EF3F00B0EEE3 /* ParameterRepresentable.swift in Sources */,
				D7FE5CA12256FA2600B0EEE3 /* Variable.swift in Sources */,
				D798D146225674F50095DF8E /* VariableRepresentable.swift in Sources */,
				D7F588C52180CEE800BDD411 /* Error.swift in Sources */,
				D776D329224EB39100460389 /* Request.swift in Sources */,
				D7ED5DD721811450005E5CDB /* Parameters.swift in Sources */,
				D798D13322564F9D0095DF8E /* Variables.swift in Sources */,
				D776D32D224EBD3600460389 /* StateMachine.swift in Sources */,
				D724F92C216C9FA000342F5A /* FragmentRepresentable.swift in Sources */,
				D7C7A4C5225788E1001BF4AD /* JSONEncoder+Extensions.swift in Sources */,
				D7F588C72180D27B00BDD411 /* JSONDecoder+Extensions.swift in Sources */,
				D7E5B2C5216CE52F004CA6C4 /* Response.swift in Sources */,
				D798D1482256756E0095DF8E /* Object.swift in Sources */,
				D7C7A4C822578DCA001BF4AD /* Encodable+Extensions.swift in Sources */,
			);
			runOnlyForDeploymentPostprocessing = 0;
		};
		D724F914216C9F9000342F5A /* Sources */ = {
			isa = PBXSourcesBuildPhase;
			buildActionMask = 2147483647;
			files = (
				D7E5B2C9216CEC13004CA6C4 /* FragmentTests.swift in Sources */,
				D7E5B2D1216CEE60004CA6C4 /* Helpers.swift in Sources */,
				D7ED5DD421810A27005E5CDB /* ParameterTests.swift in Sources */,
				D7E5B2CD216CEC22004CA6C4 /* QueryTests.swift in Sources */,
				D798D13A2256601C0095DF8E /* Network.swift in Sources */,
				D776D32B224EB58000460389 /* RequestTests.swift in Sources */,
				D7E5B2CB216CEC1A004CA6C4 /* MutationTests.swift in Sources */,
				D798D14A22569C100095DF8E /* VariableTests.swift in Sources */,
				D7E5B2CF216CEC2A004CA6C4 /* GraphQLDecodeTests.swift in Sources */,
				D798D13C225660310095DF8E /* URLProtocol.swift in Sources */,
				D7F588CF2180D4D400BDD411 /* GraphQLErrorTests.swift in Sources */,
				D7E5B2C7216CEC0B004CA6C4 /* NodeTests.swift in Sources */,
			);
			runOnlyForDeploymentPostprocessing = 0;
		};
/* End PBXSourcesBuildPhase section */

/* Begin PBXTargetDependency section */
		D724F91B216C9F9000342F5A /* PBXTargetDependency */ = {
			isa = PBXTargetDependency;
			target = D724F90E216C9F9000342F5A /* SwiftyGraphQL */;
			targetProxy = D724F91A216C9F9000342F5A /* PBXContainerItemProxy */;
		};
/* End PBXTargetDependency section */

/* Begin XCBuildConfiguration section */
		D724F921216C9F9000342F5A /* Debug */ = {
			isa = XCBuildConfiguration;
			buildSettings = {
				ALWAYS_SEARCH_USER_PATHS = NO;
				CLANG_ANALYZER_NONNULL = YES;
				CLANG_ANALYZER_NUMBER_OBJECT_CONVERSION = YES_AGGRESSIVE;
				CLANG_CXX_LANGUAGE_STANDARD = "gnu++14";
				CLANG_CXX_LIBRARY = "libc++";
				CLANG_ENABLE_MODULES = YES;
				CLANG_ENABLE_OBJC_ARC = YES;
				CLANG_ENABLE_OBJC_WEAK = YES;
				CLANG_WARN_BLOCK_CAPTURE_AUTORELEASING = YES;
				CLANG_WARN_BOOL_CONVERSION = YES;
				CLANG_WARN_COMMA = YES;
				CLANG_WARN_CONSTANT_CONVERSION = YES;
				CLANG_WARN_DEPRECATED_OBJC_IMPLEMENTATIONS = YES;
				CLANG_WARN_DIRECT_OBJC_ISA_USAGE = YES_ERROR;
				CLANG_WARN_DOCUMENTATION_COMMENTS = YES;
				CLANG_WARN_EMPTY_BODY = YES;
				CLANG_WARN_ENUM_CONVERSION = YES;
				CLANG_WARN_INFINITE_RECURSION = YES;
				CLANG_WARN_INT_CONVERSION = YES;
				CLANG_WARN_NON_LITERAL_NULL_CONVERSION = YES;
				CLANG_WARN_OBJC_IMPLICIT_RETAIN_SELF = YES;
				CLANG_WARN_OBJC_LITERAL_CONVERSION = YES;
				CLANG_WARN_OBJC_ROOT_CLASS = YES_ERROR;
				CLANG_WARN_RANGE_LOOP_ANALYSIS = YES;
				CLANG_WARN_STRICT_PROTOTYPES = YES;
				CLANG_WARN_SUSPICIOUS_MOVE = YES;
				CLANG_WARN_UNGUARDED_AVAILABILITY = YES_AGGRESSIVE;
				CLANG_WARN_UNREACHABLE_CODE = YES;
				CLANG_WARN__DUPLICATE_METHOD_MATCH = YES;
				CODE_SIGN_IDENTITY = "iPhone Developer";
				COPY_PHASE_STRIP = NO;
				CURRENT_PROJECT_VERSION = 1;
				DEBUG_INFORMATION_FORMAT = dwarf;
				ENABLE_STRICT_OBJC_MSGSEND = YES;
				ENABLE_TESTABILITY = YES;
				GCC_C_LANGUAGE_STANDARD = gnu11;
				GCC_DYNAMIC_NO_PIC = NO;
				GCC_NO_COMMON_BLOCKS = YES;
				GCC_OPTIMIZATION_LEVEL = 0;
				GCC_PREPROCESSOR_DEFINITIONS = (
					"DEBUG=1",
					"$(inherited)",
				);
				GCC_WARN_64_TO_32_BIT_CONVERSION = YES;
				GCC_WARN_ABOUT_RETURN_TYPE = YES_ERROR;
				GCC_WARN_UNDECLARED_SELECTOR = YES;
				GCC_WARN_UNINITIALIZED_AUTOS = YES_AGGRESSIVE;
				GCC_WARN_UNUSED_FUNCTION = YES;
				GCC_WARN_UNUSED_VARIABLE = YES;
				IPHONEOS_DEPLOYMENT_TARGET = 11.0;
				MTL_ENABLE_DEBUG_INFO = INCLUDE_SOURCE;
				MTL_FAST_MATH = YES;
				ONLY_ACTIVE_ARCH = YES;
				SDKROOT = iphoneos;
				SWIFT_ACTIVE_COMPILATION_CONDITIONS = DEBUG;
				SWIFT_OPTIMIZATION_LEVEL = "-Onone";
				SWIFT_VERSION = 5.0;
				VERSIONING_SYSTEM = "apple-generic";
				VERSION_INFO_PREFIX = "";
			};
			name = Debug;
		};
		D724F922216C9F9000342F5A /* Release */ = {
			isa = XCBuildConfiguration;
			buildSettings = {
				ALWAYS_SEARCH_USER_PATHS = NO;
				CLANG_ANALYZER_NONNULL = YES;
				CLANG_ANALYZER_NUMBER_OBJECT_CONVERSION = YES_AGGRESSIVE;
				CLANG_CXX_LANGUAGE_STANDARD = "gnu++14";
				CLANG_CXX_LIBRARY = "libc++";
				CLANG_ENABLE_MODULES = YES;
				CLANG_ENABLE_OBJC_ARC = YES;
				CLANG_ENABLE_OBJC_WEAK = YES;
				CLANG_WARN_BLOCK_CAPTURE_AUTORELEASING = YES;
				CLANG_WARN_BOOL_CONVERSION = YES;
				CLANG_WARN_COMMA = YES;
				CLANG_WARN_CONSTANT_CONVERSION = YES;
				CLANG_WARN_DEPRECATED_OBJC_IMPLEMENTATIONS = YES;
				CLANG_WARN_DIRECT_OBJC_ISA_USAGE = YES_ERROR;
				CLANG_WARN_DOCUMENTATION_COMMENTS = YES;
				CLANG_WARN_EMPTY_BODY = YES;
				CLANG_WARN_ENUM_CONVERSION = YES;
				CLANG_WARN_INFINITE_RECURSION = YES;
				CLANG_WARN_INT_CONVERSION = YES;
				CLANG_WARN_NON_LITERAL_NULL_CONVERSION = YES;
				CLANG_WARN_OBJC_IMPLICIT_RETAIN_SELF = YES;
				CLANG_WARN_OBJC_LITERAL_CONVERSION = YES;
				CLANG_WARN_OBJC_ROOT_CLASS = YES_ERROR;
				CLANG_WARN_RANGE_LOOP_ANALYSIS = YES;
				CLANG_WARN_STRICT_PROTOTYPES = YES;
				CLANG_WARN_SUSPICIOUS_MOVE = YES;
				CLANG_WARN_UNGUARDED_AVAILABILITY = YES_AGGRESSIVE;
				CLANG_WARN_UNREACHABLE_CODE = YES;
				CLANG_WARN__DUPLICATE_METHOD_MATCH = YES;
				CODE_SIGN_IDENTITY = "iPhone Developer";
				COPY_PHASE_STRIP = NO;
				CURRENT_PROJECT_VERSION = 1;
				DEBUG_INFORMATION_FORMAT = "dwarf-with-dsym";
				ENABLE_NS_ASSERTIONS = NO;
				ENABLE_STRICT_OBJC_MSGSEND = YES;
				GCC_C_LANGUAGE_STANDARD = gnu11;
				GCC_NO_COMMON_BLOCKS = YES;
				GCC_WARN_64_TO_32_BIT_CONVERSION = YES;
				GCC_WARN_ABOUT_RETURN_TYPE = YES_ERROR;
				GCC_WARN_UNDECLARED_SELECTOR = YES;
				GCC_WARN_UNINITIALIZED_AUTOS = YES_AGGRESSIVE;
				GCC_WARN_UNUSED_FUNCTION = YES;
				GCC_WARN_UNUSED_VARIABLE = YES;
				IPHONEOS_DEPLOYMENT_TARGET = 11.0;
				MTL_ENABLE_DEBUG_INFO = NO;
				MTL_FAST_MATH = YES;
				SDKROOT = iphoneos;
				SWIFT_COMPILATION_MODE = wholemodule;
				SWIFT_OPTIMIZATION_LEVEL = "-O";
				SWIFT_VERSION = 5.0;
				VALIDATE_PRODUCT = YES;
				VERSIONING_SYSTEM = "apple-generic";
				VERSION_INFO_PREFIX = "";
			};
			name = Release;
		};
		D724F924216C9F9000342F5A /* Debug */ = {
			isa = XCBuildConfiguration;
			buildSettings = {
				CLANG_ENABLE_MODULES = YES;
				CODE_SIGN_IDENTITY = "";
				CODE_SIGN_STYLE = Automatic;
				DEFINES_MODULE = YES;
				DEVELOPMENT_TEAM = 467S4RZC6U;
				DYLIB_COMPATIBILITY_VERSION = 1;
				DYLIB_CURRENT_VERSION = 1;
				DYLIB_INSTALL_NAME_BASE = "@rpath";
				INFOPLIST_FILE = SwiftyGraphQL/Info.plist;
				INSTALL_PATH = "$(LOCAL_LIBRARY_DIR)/Frameworks";
				LD_RUNPATH_SEARCH_PATHS = (
					"$(inherited)",
					"@executable_path/Frameworks",
					"@loader_path/Frameworks",
				);
				PRODUCT_BUNDLE_IDENTIFIER = com.hiimtmac.SwiftyGraphQL;
				PRODUCT_NAME = "$(TARGET_NAME:c99extidentifier)";
				SKIP_INSTALL = YES;
				SWIFT_OPTIMIZATION_LEVEL = "-Onone";
				SWIFT_VERSION = 5.0;
				TARGETED_DEVICE_FAMILY = "1,2";
			};
			name = Debug;
		};
		D724F925216C9F9000342F5A /* Release */ = {
			isa = XCBuildConfiguration;
			buildSettings = {
				CLANG_ENABLE_MODULES = YES;
				CODE_SIGN_IDENTITY = "";
				CODE_SIGN_STYLE = Automatic;
				DEFINES_MODULE = YES;
				DEVELOPMENT_TEAM = 467S4RZC6U;
				DYLIB_COMPATIBILITY_VERSION = 1;
				DYLIB_CURRENT_VERSION = 1;
				DYLIB_INSTALL_NAME_BASE = "@rpath";
				INFOPLIST_FILE = SwiftyGraphQL/Info.plist;
				INSTALL_PATH = "$(LOCAL_LIBRARY_DIR)/Frameworks";
				LD_RUNPATH_SEARCH_PATHS = (
					"$(inherited)",
					"@executable_path/Frameworks",
					"@loader_path/Frameworks",
				);
				PRODUCT_BUNDLE_IDENTIFIER = com.hiimtmac.SwiftyGraphQL;
				PRODUCT_NAME = "$(TARGET_NAME:c99extidentifier)";
				SKIP_INSTALL = YES;
				SWIFT_VERSION = 5.0;
				TARGETED_DEVICE_FAMILY = "1,2";
			};
			name = Release;
		};
		D724F927216C9F9000342F5A /* Debug */ = {
			isa = XCBuildConfiguration;
			buildSettings = {
				ALWAYS_EMBED_SWIFT_STANDARD_LIBRARIES = YES;
				CODE_SIGN_STYLE = Automatic;
				DEVELOPMENT_TEAM = 467S4RZC6U;
				INFOPLIST_FILE = SwiftyGraphQLTests/Info.plist;
				LD_RUNPATH_SEARCH_PATHS = (
					"$(inherited)",
					"@executable_path/Frameworks",
					"@loader_path/Frameworks",
				);
				PRODUCT_BUNDLE_IDENTIFIER = com.hiimtmac.SwiftyGraphQLTests;
				PRODUCT_NAME = "$(TARGET_NAME)";
				SWIFT_VERSION = 5.0;
				TARGETED_DEVICE_FAMILY = "1,2";
			};
			name = Debug;
		};
		D724F928216C9F9000342F5A /* Release */ = {
			isa = XCBuildConfiguration;
			buildSettings = {
				ALWAYS_EMBED_SWIFT_STANDARD_LIBRARIES = YES;
				CODE_SIGN_STYLE = Automatic;
				DEVELOPMENT_TEAM = 467S4RZC6U;
				INFOPLIST_FILE = SwiftyGraphQLTests/Info.plist;
				LD_RUNPATH_SEARCH_PATHS = (
					"$(inherited)",
					"@executable_path/Frameworks",
					"@loader_path/Frameworks",
				);
				PRODUCT_BUNDLE_IDENTIFIER = com.hiimtmac.SwiftyGraphQLTests;
				PRODUCT_NAME = "$(TARGET_NAME)";
				SWIFT_VERSION = 5.0;
				TARGETED_DEVICE_FAMILY = "1,2";
			};
			name = Release;
		};
/* End XCBuildConfiguration section */

/* Begin XCConfigurationList section */
		D724F909216C9F9000342F5A /* Build configuration list for PBXProject "SwiftyGraphQL" */ = {
			isa = XCConfigurationList;
			buildConfigurations = (
				D724F921216C9F9000342F5A /* Debug */,
				D724F922216C9F9000342F5A /* Release */,
			);
			defaultConfigurationIsVisible = 0;
			defaultConfigurationName = Release;
		};
		D724F923216C9F9000342F5A /* Build configuration list for PBXNativeTarget "SwiftyGraphQL" */ = {
			isa = XCConfigurationList;
			buildConfigurations = (
				D724F924216C9F9000342F5A /* Debug */,
				D724F925216C9F9000342F5A /* Release */,
			);
			defaultConfigurationIsVisible = 0;
			defaultConfigurationName = Release;
		};
		D724F926216C9F9000342F5A /* Build configuration list for PBXNativeTarget "SwiftyGraphQLTests" */ = {
			isa = XCConfigurationList;
			buildConfigurations = (
				D724F927216C9F9000342F5A /* Debug */,
				D724F928216C9F9000342F5A /* Release */,
			);
			defaultConfigurationIsVisible = 0;
			defaultConfigurationName = Release;
		};
/* End XCConfigurationList section */
	};
	rootObject = D724F906216C9F9000342F5A /* Project object */;
}
